
Microsoft Visual Studio Solution File, Format Version 12.00
# Visual Studio Version 17
VisualStudioVersion = 17.3.32929.385
MinimumVisualStudioVersion = 10.0.40219.1
Project("{FAE04EC0-301F-11D3-BF4B-00C04F79EFBC}") = "BookApp", "WebApplication1\BookApp.csproj", "{C4D62EDB-8C30-417A-88AF-D97A1E6EF622}"
EndProject
Global
	GlobalSection(SolutionConfigurationPlatforms) = preSolution
		Debug|Any CPU = Debug|Any CPU
		Release|Any CPU = Release|Any CPU
	EndGlobalSection
	GlobalSection(ProjectConfigurationPlatforms) = postSolution
		{C4D62EDB-8C30-417A-88AF-D97A1E6EF622}.Debug|Any CPU.ActiveCfg = Debug|Any CPU
		{C4D62EDB-8C30-417A-88AF-D97A1E6EF622}.Debug|Any CPU.Build.0 = Debug|Any CPU
		{C4D62EDB-8C30-417A-88AF-D97A1E6EF622}.Release|Any CPU.ActiveCfg = Release|Any CPU
		{C4D62EDB-8C30-417A-88AF-D97A1E6EF622}.Release|Any CPU.Build.0 = Release|Any CPU
	EndGlobalSection
	GlobalSection(SolutionProperties) = preSolution
		HideSolutionNode = FALSE
	EndGlobalSection
	GlobalSection(ExtensibilityGlobals) = postSolution
		SolutionGuid = {35AE34ED-0138-41B3-AEC6-7C80DFE2E794}
	EndGlobalSection
EndGlobal
